
Microsoft Visual Studio Solution File, Format Version 11.00
# Visual Studio 2010
Project("{FAE04EC0-301F-11D3-BF4B-00C04F79EFBC}") = "Rtsp", "RTSP\Rtsp.csproj", "{0AD96152-EB0C-4F31-B4F4-583CE88A5046}"
EndProject
Project("{FAE04EC0-301F-11D3-BF4B-00C04F79EFBC}") = "Rtsp.Tests", "RTSP.Tests\Rtsp.Tests.csproj", "{823924AE-1792-4F94-8FF1-D58A958EA5F4}"
EndProject
Global
	GlobalSection(SolutionConfigurationPlatforms) = preSolution
		Debug|Any CPU = Debug|Any CPU
		Release|Any CPU = Release|Any CPU
	EndGlobalSection
	GlobalSection(ProjectConfigurationPlatforms) = postSolution
		{0AD96152-EB0C-4F31-B4F4-583CE88A5046}.Debug|Any CPU.ActiveCfg = Debug|Any CPU
		{0AD96152-EB0C-4F31-B4F4-583CE88A5046}.Debug|Any CPU.Build.0 = Debug|Any CPU
		{0AD96152-EB0C-4F31-B4F4-583CE88A5046}.Release|Any CPU.ActiveCfg = Release|Any CPU
		{0AD96152-EB0C-4F31-B4F4-583CE88A5046}.Release|Any CPU.Build.0 = Release|Any CPU
		{823924AE-1792-4F94-8FF1-D58A958EA5F4}.Debug|Any CPU.ActiveCfg = Debug|Any CPU
		{823924AE-1792-4F94-8FF1-D58A958EA5F4}.Debug|Any CPU.Build.0 = Debug|Any CPU
		{823924AE-1792-4F94-8FF1-D58A958EA5F4}.Release|Any CPU.ActiveCfg = Release|Any CPU
		{823924AE-1792-4F94-8FF1-D58A958EA5F4}.Release|Any CPU.Build.0 = Release|Any CPU
	EndGlobalSection
	GlobalSection(SolutionProperties) = preSolution
		HideSolutionNode = FALSE
	EndGlobalSection
EndGlobal
