
Microsoft Visual Studio Solution File, Format Version 12.00
# Visual Studio Version 17
VisualStudioVersion = 17.1.32210.238
MinimumVisualStudioVersion = 10.0.40219.1
Project("{9A19103F-16F7-4668-BE54-9A1E7A4F7556}") = "RTSP", "RTSP\RTSP.csproj", "{0AD96152-EB0C-4F31-B4F4-583CE88A5046}"
EndProject
Project("{9A19103F-16F7-4668-BE54-9A1E7A4F7556}") = "RTSP.Tests", "RTSP.Tests\RTSP.Tests.csproj", "{823924AE-1792-4F94-8FF1-D58A958EA5F4}"
EndProject
Project("{9A19103F-16F7-4668-BE54-9A1E7A4F7556}") = "RtspMultiplexer", "RtspMultiplexer\RtspMultiplexer.csproj", "{A6A683BF-B8A4-4E62-85D2-08F4304F6CBB}"
EndProject
Project("{9A19103F-16F7-4668-BE54-9A1E7A4F7556}") = "RtspClientExample", "RtspClientExample\RtspClientExample.csproj", "{5708B80A-8A16-4145-B0CA-3A317237DAC5}"
EndProject
Project("{9A19103F-16F7-4668-BE54-9A1E7A4F7556}") = "RtspCameraExample", "RtspCameraExample\RtspCameraExample.csproj", "{DA8B426A-92A8-4944-B061-EC642EB0A4DA}"
EndProject
Project("{2150E333-8FDC-42A3-9474-1A3956D46DE8}") = "Éléments de solution", "Éléments de solution", "{3DADCBA5-0451-4C68-B8AB-F43ABE3321D5}"
	ProjectSection(SolutionItems) = preProject
		.editorconfig = .editorconfig
	EndProjectSection
EndProject
Global
	GlobalSection(SolutionConfigurationPlatforms) = preSolution
		Debug|Any CPU = Debug|Any CPU
		Release|Any CPU = Release|Any CPU
	EndGlobalSection
	GlobalSection(ProjectConfigurationPlatforms) = postSolution
		{0AD96152-EB0C-4F31-B4F4-583CE88A5046}.Debug|Any CPU.ActiveCfg = Debug|Any CPU
		{0AD96152-EB0C-4F31-B4F4-583CE88A5046}.Debug|Any CPU.Build.0 = Debug|Any CPU
		{0AD96152-EB0C-4F31-B4F4-583CE88A5046}.Release|Any CPU.ActiveCfg = Release|Any CPU
		{0AD96152-EB0C-4F31-B4F4-583CE88A5046}.Release|Any CPU.Build.0 = Release|Any CPU
		{823924AE-1792-4F94-8FF1-D58A958EA5F4}.Debug|Any CPU.ActiveCfg = Debug|Any CPU
		{823924AE-1792-4F94-8FF1-D58A958EA5F4}.Debug|Any CPU.Build.0 = Debug|Any CPU
		{823924AE-1792-4F94-8FF1-D58A958EA5F4}.Release|Any CPU.ActiveCfg = Release|Any CPU
		{823924AE-1792-4F94-8FF1-D58A958EA5F4}.Release|Any CPU.Build.0 = Release|Any CPU
		{A6A683BF-B8A4-4E62-85D2-08F4304F6CBB}.Debug|Any CPU.ActiveCfg = Debug|Any CPU
		{A6A683BF-B8A4-4E62-85D2-08F4304F6CBB}.Debug|Any CPU.Build.0 = Debug|Any CPU
		{A6A683BF-B8A4-4E62-85D2-08F4304F6CBB}.Release|Any CPU.ActiveCfg = Release|Any CPU
		{A6A683BF-B8A4-4E62-85D2-08F4304F6CBB}.Release|Any CPU.Build.0 = Release|Any CPU
		{5708B80A-8A16-4145-B0CA-3A317237DAC5}.Debug|Any CPU.ActiveCfg = Debug|Any CPU
		{5708B80A-8A16-4145-B0CA-3A317237DAC5}.Debug|Any CPU.Build.0 = Debug|Any CPU
		{5708B80A-8A16-4145-B0CA-3A317237DAC5}.Release|Any CPU.ActiveCfg = Release|Any CPU
		{5708B80A-8A16-4145-B0CA-3A317237DAC5}.Release|Any CPU.Build.0 = Release|Any CPU
		{DA8B426A-92A8-4944-B061-EC642EB0A4DA}.Debug|Any CPU.ActiveCfg = Debug|Any CPU
		{DA8B426A-92A8-4944-B061-EC642EB0A4DA}.Debug|Any CPU.Build.0 = Debug|Any CPU
		{DA8B426A-92A8-4944-B061-EC642EB0A4DA}.Release|Any CPU.ActiveCfg = Release|Any CPU
		{DA8B426A-92A8-4944-B061-EC642EB0A4DA}.Release|Any CPU.Build.0 = Release|Any CPU
	EndGlobalSection
	GlobalSection(SolutionProperties) = preSolution
		HideSolutionNode = FALSE
	EndGlobalSection
	GlobalSection(ExtensibilityGlobals) = postSolution
		SolutionGuid = {58F85D35-F013-42F0-97FE-78384008042A}
	EndGlobalSection
EndGlobal
